
Microsoft Visual Studio Solution File, Format Version 12.00
# Visual Studio Version 17
VisualStudioVersion = 17.14.36414.22
MinimumVisualStudioVersion = 10.0.40219.1
Project("{FAE04EC0-301F-11D3-BF4B-00C04F79EFBC}") = "Coursna", "Coursna\Coursna.csproj", "{9151066A-23D6-43CD-BEF5-0E1B96D745CA}"
EndProject
Project("{FAE04EC0-301F-11D3-BF4B-00C04F79EFBC}") = "Coursna.Core", "Coursna.Core\Coursna.Core.csproj", "{6151FB35-2EFC-4D57-B16D-DF70356D8F91}"
EndProject
Project("{FAE04EC0-301F-11D3-BF4B-00C04F79EFBC}") = "Coursna.Infrastrcuter", "Coursna.Infrastrcuter\Coursna.Infrastrcuter.csproj", "{B0E12B42-756B-48D1-8934-99C50A659D20}"
EndProject
Project("{FAE04EC0-301F-11D3-BF4B-00C04F79EFBC}") = "Coursna.Hubs", "Coursna.Hubs\Coursna.Hubs.csproj", "{B3D9FD5A-5E87-4163-9615-F6FB4B71D70A}"
EndProject
Global
	GlobalSection(SolutionConfigurationPlatforms) = preSolution
		Debug|Any CPU = Debug|Any CPU
		Release|Any CPU = Release|Any CPU
	EndGlobalSection
	GlobalSection(ProjectConfigurationPlatforms) = postSolution
		{9151066A-23D6-43CD-BEF5-0E1B96D745CA}.Debug|Any CPU.ActiveCfg = Debug|Any CPU
		{9151066A-23D6-43CD-BEF5-0E1B96D745CA}.Debug|Any CPU.Build.0 = Debug|Any CPU
		{9151066A-23D6-43CD-BEF5-0E1B96D745CA}.Release|Any CPU.ActiveCfg = Release|Any CPU
		{9151066A-23D6-43CD-BEF5-0E1B96D745CA}.Release|Any CPU.Build.0 = Release|Any CPU
		{6151FB35-2EFC-4D57-B16D-DF70356D8F91}.Debug|Any CPU.ActiveCfg = Debug|Any CPU
		{6151FB35-2EFC-4D57-B16D-DF70356D8F91}.Debug|Any CPU.Build.0 = Debug|Any CPU
		{6151FB35-2EFC-4D57-B16D-DF70356D8F91}.Release|Any CPU.ActiveCfg = Release|Any CPU
		{6151FB35-2EFC-4D57-B16D-DF70356D8F91}.Release|Any CPU.Build.0 = Release|Any CPU
		{B0E12B42-756B-48D1-8934-99C50A659D20}.Debug|Any CPU.ActiveCfg = Debug|Any CPU
		{B0E12B42-756B-48D1-8934-99C50A659D20}.Debug|Any CPU.Build.0 = Debug|Any CPU
		{B0E12B42-756B-48D1-8934-99C50A659D20}.Release|Any CPU.ActiveCfg = Release|Any CPU
		{B0E12B42-756B-48D1-8934-99C50A659D20}.Release|Any CPU.Build.0 = Release|Any CPU
		{B3D9FD5A-5E87-4163-9615-F6FB4B71D70A}.Debug|Any CPU.ActiveCfg = Debug|Any CPU
		{B3D9FD5A-5E87-4163-9615-F6FB4B71D70A}.Debug|Any CPU.Build.0 = Debug|Any CPU
		{B3D9FD5A-5E87-4163-9615-F6FB4B71D70A}.Release|Any CPU.ActiveCfg = Release|Any CPU
		{B3D9FD5A-5E87-4163-9615-F6FB4B71D70A}.Release|Any CPU.Build.0 = Release|Any CPU
	EndGlobalSection
	GlobalSection(SolutionProperties) = preSolution
		HideSolutionNode = FALSE
	EndGlobalSection
	GlobalSection(ExtensibilityGlobals) = postSolution
		SolutionGuid = {BA8E065F-0652-4600-A5FA-C0B690F8C3A3}
	EndGlobalSection
EndGlobal
